version: 6
environments:
  default:
    channels:
    - url: https://conda.anaconda.org/conda-forge/
    packages:
      linux-64:
      - conda: https://conda.anaconda.org/conda-forge/linux-64/_libgcc_mutex-0.1-conda_forge.tar.bz2
      - conda: https://conda.anaconda.org/conda-forge/linux-64/_openmp_mutex-4.5-2_gnu.tar.bz2
      - conda: https://conda.anaconda.org/conda-forge/noarch/altgraph-0.17.4-pyhd8ed1ab_1.conda
      - conda: https://conda.anaconda.org/conda-forge/linux-64/brotli-1.1.0-hb9d3cd8_3.conda
      - conda: https://conda.anaconda.org/conda-forge/linux-64/brotli-bin-1.1.0-hb9d3cd8_3.conda
      - conda: https://conda.anaconda.org/conda-forge/linux-64/bzip2-1.0.8-h4bc722e_7.conda
      - conda: https://conda.anaconda.org/conda-forge/noarch/ca-certificates-2025.7.14-hbd8a1cb_0.conda
      - conda: https://conda.anaconda.org/conda-forge/linux-64/cairo-1.18.4-h3394656_0.conda
      - conda: https://conda.anaconda.org/conda-forge/noarch/cairocffi-1.7.1-pyhd8ed1ab_1.conda
      - conda: https://conda.anaconda.org/conda-forge/linux-64/cffi-1.17.1-py313hfab6e84_0.conda
      - conda: https://conda.anaconda.org/conda-forge/noarch/cssselect2-0.8.0-pyhd8ed1ab_0.conda
      - conda: https://conda.anaconda.org/conda-forge/noarch/font-ttf-dejavu-sans-mono-2.37-hab24e00_0.tar.bz2
      - conda: https://conda.anaconda.org/conda-forge/noarch/font-ttf-inconsolata-3.000-h77eed37_0.tar.bz2
      - conda: https://conda.anaconda.org/conda-forge/noarch/font-ttf-source-code-pro-2.038-h77eed37_0.tar.bz2
      - conda: https://conda.anaconda.org/conda-forge/noarch/font-ttf-ubuntu-0.83-h77eed37_3.conda
      - conda: https://conda.anaconda.org/conda-forge/linux-64/fontconfig-2.15.0-h7e30c49_1.conda
      - conda: https://conda.anaconda.org/conda-forge/noarch/fonts-conda-ecosystem-1-0.tar.bz2
      - conda: https://conda.anaconda.org/conda-forge/noarch/fonts-conda-forge-1-0.tar.bz2
      - conda: https://conda.anaconda.org/conda-forge/linux-64/fonttools-4.59.0-py313h3dea7bd_0.conda
      - conda: https://conda.anaconda.org/conda-forge/linux-64/freetype-2.13.3-ha770c72_1.conda
      - conda: https://conda.anaconda.org/conda-forge/linux-64/fribidi-1.0.10-h36c2ea0_0.tar.bz2
      - conda: https://conda.anaconda.org/conda-forge/linux-64/glib-2.84.2-h6287aef_0.conda
      - conda: https://conda.anaconda.org/conda-forge/linux-64/glib-tools-2.84.2-h4833e2c_0.conda
      - conda: https://conda.anaconda.org/conda-forge/linux-64/graphite2-1.3.14-h5888daf_0.conda
      - conda: https://conda.anaconda.org/conda-forge/linux-64/harfbuzz-11.2.1-h3beb420_0.conda
      - conda: https://conda.anaconda.org/conda-forge/noarch/html5lib-1.1-pyhd8ed1ab_2.conda
      - conda: https://conda.anaconda.org/conda-forge/linux-64/icu-75.1-he02047a_0.conda
      - conda: https://conda.anaconda.org/conda-forge/noarch/importlib-metadata-8.7.0-pyhe01879c_1.conda
      - conda: https://conda.anaconda.org/conda-forge/linux-64/lcms2-2.17-h717163a_0.conda
      - conda: https://conda.anaconda.org/conda-forge/linux-64/ld_impl_linux-64-2.44-h1423503_1.conda
      - conda: https://conda.anaconda.org/conda-forge/linux-64/lerc-4.0.0-h0aef613_1.conda
      - conda: https://conda.anaconda.org/conda-forge/linux-64/libbrotlicommon-1.1.0-hb9d3cd8_3.conda
      - conda: https://conda.anaconda.org/conda-forge/linux-64/libbrotlidec-1.1.0-hb9d3cd8_3.conda
      - conda: https://conda.anaconda.org/conda-forge/linux-64/libbrotlienc-1.1.0-hb9d3cd8_3.conda
      - conda: https://conda.anaconda.org/conda-forge/linux-64/libdeflate-1.24-h86f0d12_0.conda
      - conda: https://conda.anaconda.org/conda-forge/linux-64/libexpat-2.7.1-hecca717_0.conda
      - conda: https://conda.anaconda.org/conda-forge/linux-64/libffi-3.4.6-h2dba641_1.conda
      - conda: https://conda.anaconda.org/conda-forge/linux-64/libfreetype-2.13.3-ha770c72_1.conda
      - conda: https://conda.anaconda.org/conda-forge/linux-64/libfreetype6-2.13.3-h48d6fc4_1.conda
      - conda: https://conda.anaconda.org/conda-forge/linux-64/libgcc-15.1.0-h767d61c_3.conda
      - conda: https://conda.anaconda.org/conda-forge/linux-64/libgcc-ng-15.1.0-h69a702a_3.conda
      - conda: https://conda.anaconda.org/conda-forge/linux-64/libgirepository-1.84.0-h0dcfedc_1.conda
      - conda: https://conda.anaconda.org/conda-forge/linux-64/libglib-2.84.2-h3618099_0.conda
      - conda: https://conda.anaconda.org/conda-forge/linux-64/libgomp-15.1.0-h767d61c_3.conda
      - conda: https://conda.anaconda.org/conda-forge/linux-64/libiconv-1.18-h4ce23a2_1.conda
      - conda: https://conda.anaconda.org/conda-forge/linux-64/libjpeg-turbo-3.1.0-hb9d3cd8_0.conda
      - conda: https://conda.anaconda.org/conda-forge/linux-64/liblzma-5.8.1-hb9d3cd8_2.conda
      - conda: https://conda.anaconda.org/conda-forge/linux-64/libmpdec-4.0.0-hb9d3cd8_0.conda
      - conda: https://conda.anaconda.org/conda-forge/linux-64/libpng-1.6.50-h943b412_0.conda
      - conda: https://conda.anaconda.org/conda-forge/linux-64/libsqlite-3.50.3-hee844dc_0.conda
      - conda: https://conda.anaconda.org/conda-forge/linux-64/libstdcxx-15.1.0-h8f9b012_3.conda
      - conda: https://conda.anaconda.org/conda-forge/linux-64/libstdcxx-ng-15.1.0-h4852527_3.conda
      - conda: https://conda.anaconda.org/conda-forge/linux-64/libtiff-4.7.0-hf01ce69_5.conda
      - conda: https://conda.anaconda.org/conda-forge/linux-64/libuuid-2.38.1-h0b41bf4_0.conda
      - conda: https://conda.anaconda.org/conda-forge/linux-64/libwebp-base-1.6.0-hd42ef1d_0.conda
      - conda: https://conda.anaconda.org/conda-forge/linux-64/libxcb-1.17.0-h8a09558_0.conda
      - conda: https://conda.anaconda.org/conda-forge/linux-64/libzlib-1.3.1-hb9d3cd8_2.conda
      - conda: https://conda.anaconda.org/conda-forge/noarch/markdown-it-py-3.0.0-pyhd8ed1ab_1.conda
      - conda: https://conda.anaconda.org/conda-forge/noarch/mdurl-0.1.2-pyhd8ed1ab_1.conda
      - conda: https://conda.anaconda.org/conda-forge/noarch/munkres-1.1.4-pyhd8ed1ab_1.conda
      - conda: https://conda.anaconda.org/conda-forge/linux-64/ncurses-6.5-h2d0b736_3.conda
      - conda: https://conda.anaconda.org/conda-forge/linux-64/openjpeg-2.5.3-h5fbd93e_0.conda
      - conda: https://conda.anaconda.org/conda-forge/linux-64/openssl-3.5.1-h7b32b05_0.conda
      - conda: https://conda.anaconda.org/conda-forge/noarch/packaging-25.0-pyh29332c3_1.conda
      - conda: https://conda.anaconda.org/conda-forge/linux-64/pango-1.56.4-hadf4263_0.conda
      - conda: https://conda.anaconda.org/conda-forge/linux-64/pcre2-10.45-hc749103_0.conda
      - conda: https://conda.anaconda.org/conda-forge/linux-64/pillow-11.3.0-py313h8db990d_0.conda
      - conda: https://conda.anaconda.org/conda-forge/linux-64/pixman-0.46.2-h29eaf8c_0.conda
      - conda: https://conda.anaconda.org/conda-forge/linux-64/pthread-stubs-0.4-hb9d3cd8_1002.conda
      - conda: https://conda.anaconda.org/conda-forge/linux-64/pycairo-1.28.0-py313h926f637_0.conda
      - conda: https://conda.anaconda.org/conda-forge/noarch/pycparser-2.22-pyh29332c3_1.conda
      - conda: https://conda.anaconda.org/conda-forge/noarch/pydyf-0.11.0-pyhd8ed1ab_1.conda
      - conda: https://conda.anaconda.org/conda-forge/noarch/pygments-2.19.2-pyhd8ed1ab_0.conda
      - conda: https://conda.anaconda.org/conda-forge/linux-64/pygobject-3.50.0-py313heb4b809_1.conda
      - conda: https://conda.anaconda.org/conda-forge/linux-64/pyinstaller-6.14.2-py313h5165e8f_0.conda
      - conda: https://conda.anaconda.org/conda-forge/noarch/pyinstaller-hooks-contrib-2025.6-pyhd8ed1ab_0.conda
      - conda: https://conda.anaconda.org/conda-forge/noarch/pyphen-0.17.2-pyhd8ed1ab_0.conda
      - conda: https://conda.anaconda.org/conda-forge/linux-64/python-3.13.5-hec9711d_102_cp313.conda
      - conda: https://conda.anaconda.org/conda-forge/noarch/python_abi-3.13-8_cp313.conda
      - conda: https://conda.anaconda.org/conda-forge/linux-64/readline-8.2-h8c095d6_2.conda
      - conda: https://conda.anaconda.org/conda-forge/noarch/rich-13.9.4-pyhd8ed1ab_1.conda
      - conda: https://conda.anaconda.org/conda-forge/noarch/setuptools-80.9.0-pyhff2d567_0.conda
      - conda: https://conda.anaconda.org/conda-forge/noarch/six-1.17.0-pyhd8ed1ab_0.conda
      - conda: https://conda.anaconda.org/conda-forge/noarch/tinycss2-1.4.0-pyhd8ed1ab_0.conda
      - conda: https://conda.anaconda.org/conda-forge/linux-64/tk-8.6.13-noxft_hd72426e_102.conda
      - conda: https://conda.anaconda.org/conda-forge/noarch/typing_extensions-4.14.1-pyhe01879c_0.conda
      - conda: https://conda.anaconda.org/conda-forge/noarch/tzdata-2025b-h78e105d_0.conda
      - conda: https://conda.anaconda.org/conda-forge/noarch/weasyprint-62.3-pyhd8ed1ab_1.conda
      - conda: https://conda.anaconda.org/conda-forge/noarch/webencodings-0.5.1-pyhd8ed1ab_3.conda
      - conda: https://conda.anaconda.org/conda-forge/linux-64/xorg-libice-1.1.2-hb9d3cd8_0.conda
      - conda: https://conda.anaconda.org/conda-forge/linux-64/xorg-libsm-1.2.6-he73a12e_0.conda
      - conda: https://conda.anaconda.org/conda-forge/linux-64/xorg-libx11-1.8.12-h4f16b4b_0.conda
      - conda: https://conda.anaconda.org/conda-forge/linux-64/xorg-libxau-1.0.12-hb9d3cd8_0.conda
      - conda: https://conda.anaconda.org/conda-forge/linux-64/xorg-libxdmcp-1.1.5-hb9d3cd8_0.conda
      - conda: https://conda.anaconda.org/conda-forge/linux-64/xorg-libxext-1.3.6-hb9d3cd8_0.conda
      - conda: https://conda.anaconda.org/conda-forge/linux-64/xorg-libxrender-0.9.12-hb9d3cd8_0.conda
      - conda: https://conda.anaconda.org/conda-forge/noarch/zipp-3.23.0-pyhd8ed1ab_0.conda
      - conda: https://conda.anaconda.org/conda-forge/linux-64/zstd-1.5.7-hb8e6e7a_2.conda
packages:
- conda: https://conda.anaconda.org/conda-forge/linux-64/_libgcc_mutex-0.1-conda_forge.tar.bz2
  sha256: fe51de6107f9edc7aa4f786a70f4a883943bc9d39b3bb7307c04c41410990726
  md5: d7c89558ba9fa0495403155b64376d81
  license: None
  size: 2562
  timestamp: 1578324546067
- conda: https://conda.anaconda.org/conda-forge/linux-64/_openmp_mutex-4.5-2_gnu.tar.bz2
  build_number: 16
  sha256: fbe2c5e56a653bebb982eda4876a9178aedfc2b545f25d0ce9c4c0b508253d22
  md5: 73aaf86a425cc6e73fcf236a5a46396d
  depends:
  - _libgcc_mutex 0.1 conda_forge
  - libgomp >=7.5.0
  constrains:
  - openmp_impl 9999
  license: BSD-3-Clause
  license_family: BSD
  size: 23621
  timestamp: 1650670423406
- conda: https://conda.anaconda.org/conda-forge/noarch/altgraph-0.17.4-pyhd8ed1ab_1.conda
  sha256: a126d5a7ea6cee0c4fceb3336104712413d41a7c3ac530446e5f88a5b1d0dd26
  md5: 4e1bdf23a49ab6d58518a27fef9c1abf
  depends:
  - python >=3.9
  - setuptools
  license: MIT
  license_family: MIT
  size: 24109
  timestamp: 1734870643798
- conda: https://conda.anaconda.org/conda-forge/linux-64/brotli-1.1.0-hb9d3cd8_3.conda
  sha256: c969baaa5d7a21afb5ed4b8dd830f82b78e425caaa13d717766ed07a61630bec
  md5: 5d08a0ac29e6a5a984817584775d4131
  depends:
  - __glibc >=2.17,<3.0.a0
  - brotli-bin 1.1.0 hb9d3cd8_3
  - libbrotlidec 1.1.0 hb9d3cd8_3
  - libbrotlienc 1.1.0 hb9d3cd8_3
  - libgcc >=13
  license: MIT
  license_family: MIT
  size: 19810
  timestamp: 1749230148642
- conda: https://conda.anaconda.org/conda-forge/linux-64/brotli-bin-1.1.0-hb9d3cd8_3.conda
  sha256: ab74fa8c3d1ca0a055226be89e99d6798c65053e2d2d3c6cb380c574972cd4a7
  md5: 58178ef8ba927229fba6d84abf62c108
  depends:
  - __glibc >=2.17,<3.0.a0
  - libbrotlidec 1.1.0 hb9d3cd8_3
  - libbrotlienc 1.1.0 hb9d3cd8_3
  - libgcc >=13
  license: MIT
  license_family: MIT
  size: 19390
  timestamp: 1749230137037
- conda: https://conda.anaconda.org/conda-forge/linux-64/bzip2-1.0.8-h4bc722e_7.conda
  sha256: 5ced96500d945fb286c9c838e54fa759aa04a7129c59800f0846b4335cee770d
  md5: 62ee74e96c5ebb0af99386de58cf9553
  depends:
  - __glibc >=2.17,<3.0.a0
  - libgcc-ng >=12
  license: bzip2-1.0.6
  license_family: BSD
  size: 252783
  timestamp: 1720974456583
- conda: https://conda.anaconda.org/conda-forge/noarch/ca-certificates-2025.7.14-hbd8a1cb_0.conda
  sha256: 29defbd83c7829788358678ec996adeee252fa4d4274b7cd386c1ed73d2b201e
  md5: d16c90324aef024877d8713c0b7fea5b
  depends:
  - __unix
  license: ISC
  size: 155658
  timestamp: 1752482350666
- conda: https://conda.anaconda.org/conda-forge/linux-64/cairo-1.18.4-h3394656_0.conda
  sha256: 3bd6a391ad60e471de76c0e9db34986c4b5058587fbf2efa5a7f54645e28c2c7
  md5: 09262e66b19567aff4f592fb53b28760
  depends:
  - __glibc >=2.17,<3.0.a0
  - fontconfig >=2.15.0,<3.0a0
  - fonts-conda-ecosystem
  - freetype >=2.12.1,<3.0a0
  - icu >=75.1,<76.0a0
  - libexpat >=2.6.4,<3.0a0
  - libgcc >=13
  - libglib >=2.82.2,<3.0a0
  - libpng >=1.6.47,<1.7.0a0
  - libstdcxx >=13
  - libxcb >=1.17.0,<2.0a0
  - libzlib >=1.3.1,<2.0a0
  - pixman >=0.44.2,<1.0a0
  - xorg-libice >=1.1.2,<2.0a0
  - xorg-libsm >=1.2.5,<2.0a0
  - xorg-libx11 >=1.8.11,<2.0a0
  - xorg-libxext >=1.3.6,<2.0a0
  - xorg-libxrender >=0.9.12,<0.10.0a0
  license: LGPL-2.1-only or MPL-1.1
  size: 978114
  timestamp: 1741554591855
- conda: https://conda.anaconda.org/conda-forge/noarch/cairocffi-1.7.1-pyhd8ed1ab_1.conda
  sha256: 1f9642b94454fbcb605f5c711c512cea2147246a4e23aa9baddbda5324089c78
  md5: 54b7517cb759be8279efe23708528fe5
  depends:
  - cairo >=1.14
  - cffi >=1.1
  - python >=3.9
  license: BSD-3-Clause
  license_family: BSD
  size: 67048
  timestamp: 1735230077496
- conda: https://conda.anaconda.org/conda-forge/linux-64/cffi-1.17.1-py313hfab6e84_0.conda
  sha256: 73cd6199b143a8a6cbf733ce124ed57defc1b9a7eab9b10fd437448caf8eaa45
  md5: ce6386a5892ef686d6d680c345c40ad1
  depends:
  - __glibc >=2.17,<3.0.a0
  - libffi >=3.4,<4.0a0
  - libgcc >=13
  - pycparser
  - python >=3.13.0rc1,<3.14.0a0
  - python_abi 3.13.* *_cp313
  license: MIT
  license_family: MIT
  size: 295514
  timestamp: 1725560706794
- conda: https://conda.anaconda.org/conda-forge/noarch/cssselect2-0.8.0-pyhd8ed1ab_0.conda
  sha256: 0a6728d77e337fd5b543765b0cd05eda996b63f4ef0c1bb34a02d78a7d123a68
  md5: 504bf822bea0f84547fb31e41de19714
  depends:
  - python >=3.9
  - tinycss2
  - webencodings
  license: BSD-3-Clause
  license_family: BSD
  size: 20425
  timestamp: 1751498485591
- conda: https://conda.anaconda.org/conda-forge/noarch/font-ttf-dejavu-sans-mono-2.37-hab24e00_0.tar.bz2
  sha256: 58d7f40d2940dd0a8aa28651239adbf5613254df0f75789919c4e6762054403b
  md5: 0c96522c6bdaed4b1566d11387caaf45
  license: BSD-3-Clause
  license_family: BSD
  size: 397370
  timestamp: 1566932522327
- conda: https://conda.anaconda.org/conda-forge/noarch/font-ttf-inconsolata-3.000-h77eed37_0.tar.bz2
  sha256: c52a29fdac682c20d252facc50f01e7c2e7ceac52aa9817aaf0bb83f7559ec5c
  md5: 34893075a5c9e55cdafac56607368fc6
  license: OFL-1.1
  license_family: Other
  size: 96530
  timestamp: 1620479909603
- conda: https://conda.anaconda.org/conda-forge/noarch/font-ttf-source-code-pro-2.038-h77eed37_0.tar.bz2
  sha256: 00925c8c055a2275614b4d983e1df637245e19058d79fc7dd1a93b8d9fb4b139
  md5: 4d59c254e01d9cde7957100457e2d5fb
  license: OFL-1.1
  license_family: Other
  size: 700814
  timestamp: 1620479612257
- conda: https://conda.anaconda.org/conda-forge/noarch/font-ttf-ubuntu-0.83-h77eed37_3.conda
  sha256: 2821ec1dc454bd8b9a31d0ed22a7ce22422c0aef163c59f49dfdf915d0f0ca14
  md5: 49023d73832ef61042f6a237cb2687e7
  license: LicenseRef-Ubuntu-Font-Licence-Version-1.0
  license_family: Other
  size: 1620504
  timestamp: 1727511233259
- conda: https://conda.anaconda.org/conda-forge/linux-64/fontconfig-2.15.0-h7e30c49_1.conda
  sha256: 7093aa19d6df5ccb6ca50329ef8510c6acb6b0d8001191909397368b65b02113
  md5: 8f5b0b297b59e1ac160ad4beec99dbee
  depends:
  - __glibc >=2.17,<3.0.a0
  - freetype >=2.12.1,<3.0a0
  - libexpat >=2.6.3,<3.0a0
  - libgcc >=13
  - libuuid >=2.38.1,<3.0a0
  - libzlib >=1.3.1,<2.0a0
  license: MIT
  license_family: MIT
  size: 265599
  timestamp: 1730283881107
- conda: https://conda.anaconda.org/conda-forge/noarch/fonts-conda-ecosystem-1-0.tar.bz2
  sha256: a997f2f1921bb9c9d76e6fa2f6b408b7fa549edd349a77639c9fe7a23ea93e61
  md5: fee5683a3f04bd15cbd8318b096a27ab
  depends:
  - fonts-conda-forge
  license: BSD-3-Clause
  license_family: BSD
  size: 3667
  timestamp: 1566974674465
- conda: https://conda.anaconda.org/conda-forge/noarch/fonts-conda-forge-1-0.tar.bz2
  sha256: 53f23a3319466053818540bcdf2091f253cbdbab1e0e9ae7b9e509dcaa2a5e38
  md5: f766549260d6815b0c52253f1fb1bb29
  depends:
  - font-ttf-dejavu-sans-mono
  - font-ttf-inconsolata
  - font-ttf-source-code-pro
  - font-ttf-ubuntu
  license: BSD-3-Clause
  license_family: BSD
  size: 4102
  timestamp: 1566932280397
- conda: https://conda.anaconda.org/conda-forge/linux-64/fonttools-4.59.0-py313h3dea7bd_0.conda
  sha256: 9c2fadb256dc19e4563247dbfa6d14aa42b944673a6969507f8df63ebaa6dc10
  md5: 9ab0ef93a0904a39910d1835588e25cd
  depends:
  - __glibc >=2.17,<3.0.a0
  - brotli
  - libgcc >=14
  - munkres
  - python >=3.13,<3.14.0a0
  - python_abi 3.13.* *_cp313
  license: MIT
  license_family: MIT
  size: 2909521
  timestamp: 1752722941472
- conda: https://conda.anaconda.org/conda-forge/linux-64/freetype-2.13.3-ha770c72_1.conda
  sha256: 7ef7d477c43c12a5b4cddcf048a83277414512d1116aba62ebadfa7056a7d84f
  md5: 9ccd736d31e0c6e41f54e704e5312811
  depends:
  - libfreetype 2.13.3 ha770c72_1
  - libfreetype6 2.13.3 h48d6fc4_1
  license: GPL-2.0-only OR FTL
  size: 172450
  timestamp: 1745369996765
- conda: https://conda.anaconda.org/conda-forge/linux-64/fribidi-1.0.10-h36c2ea0_0.tar.bz2
  sha256: 5d7b6c0ee7743ba41399e9e05a58ccc1cfc903942e49ff6f677f6e423ea7a627
  md5: ac7bc6a654f8f41b352b38f4051135f8
  depends:
  - libgcc-ng >=7.5.0
  license: LGPL-2.1
  size: 114383
  timestamp: 1604416621168
- conda: https://conda.anaconda.org/conda-forge/linux-64/glib-2.84.2-h6287aef_0.conda
  sha256: 4a9a9d2ce450737dadc1343b27ad123e01758ea70bb2bd087952d2807d768752
  md5: 704648df3a01d4d24bc2c0466b718d63
  depends:
  - glib-tools 2.84.2 h4833e2c_0
  - libffi >=3.4.6,<3.5.0a0
  - libglib 2.84.2 h3618099_0
  - packaging
  - python *
  license: LGPL-2.1-or-later
  size: 609516
  timestamp: 1747836756960
- conda: https://conda.anaconda.org/conda-forge/linux-64/glib-tools-2.84.2-h4833e2c_0.conda
  sha256: eee7655422577df78386513322ea2aa691e7638947584faa715a20488ef6cc4e
  md5: f2ec1facec64147850b7674633978050
  depends:
  - __glibc >=2.17,<3.0.a0
  - libgcc >=13
  - libglib 2.84.2 h3618099_0
  license: LGPL-2.1-or-later
  size: 116819
  timestamp: 1747836718327
- conda: https://conda.anaconda.org/conda-forge/linux-64/graphite2-1.3.14-h5888daf_0.conda
  sha256: cac69f3ff7756912bbed4c28363de94f545856b35033c0b86193366b95f5317d
  md5: 951ff8d9e5536896408e89d63230b8d5
  depends:
  - __glibc >=2.17,<3.0.a0
  - libgcc >=13
  - libstdcxx >=13
  license: LGPL-2.0-or-later
  license_family: LGPL
  size: 98419
  timestamp: 1750079957535
- conda: https://conda.anaconda.org/conda-forge/linux-64/harfbuzz-11.2.1-h3beb420_0.conda
  sha256: 5bd0f3674808862838d6e2efc0b3075e561c34309c5c2f4c976f7f1f57c91112
  md5: 0e6e192d4b3d95708ad192d957cf3163
  depends:
  - __glibc >=2.17,<3.0.a0
  - cairo >=1.18.4,<2.0a0
  - freetype
  - graphite2
  - icu >=75.1,<76.0a0
  - libexpat >=2.7.0,<3.0a0
  - libfreetype >=2.13.3
  - libfreetype6 >=2.13.3
  - libgcc >=13
  - libglib >=2.84.1,<3.0a0
  - libstdcxx >=13
  - libzlib >=1.3.1,<2.0a0
  license: MIT
  license_family: MIT
  size: 1730226
  timestamp: 1747091044218
- conda: https://conda.anaconda.org/conda-forge/noarch/html5lib-1.1-pyhd8ed1ab_2.conda
  sha256: 8027e436ad59e2a7392f6036392ef9d6c223798d8a1f4f12d5926362def02367
  md5: cf25bfddbd3bc275f3d3f9936cee1dd3
  depends:
  - python >=3.9
  - six >=1.9
  - webencodings
  license: MIT
  license_family: MIT
  size: 94853
  timestamp: 1734075276288
- conda: https://conda.anaconda.org/conda-forge/linux-64/icu-75.1-he02047a_0.conda
  sha256: 71e750d509f5fa3421087ba88ef9a7b9be11c53174af3aa4d06aff4c18b38e8e
  md5: 8b189310083baabfb622af68fd9d3ae3
  depends:
  - __glibc >=2.17,<3.0.a0
  - libgcc-ng >=12
  - libstdcxx-ng >=12
  license: MIT
  license_family: MIT
  size: 12129203
  timestamp: 1720853576813
- conda: https://conda.anaconda.org/conda-forge/noarch/importlib-metadata-8.7.0-pyhe01879c_1.conda
  sha256: c18ab120a0613ada4391b15981d86ff777b5690ca461ea7e9e49531e8f374745
  md5: 63ccfdc3a3ce25b027b8767eb722fca8
  depends:
  - python >=3.9
  - zipp >=3.20
  - python
  license: Apache-2.0
  license_family: APACHE
  size: 34641
  timestamp: 1747934053147
- conda: https://conda.anaconda.org/conda-forge/linux-64/lcms2-2.17-h717163a_0.conda
  sha256: d6a61830a354da022eae93fa896d0991385a875c6bba53c82263a289deda9db8
  md5: 000e85703f0fd9594c81710dd5066471
  depends:
  - __glibc >=2.17,<3.0.a0
  - libgcc >=13
  - libjpeg-turbo >=3.0.0,<4.0a0
  - libtiff >=4.7.0,<4.8.0a0
  license: MIT
  license_family: MIT
  size: 248046
  timestamp: 1739160907615
- conda: https://conda.anaconda.org/conda-forge/linux-64/ld_impl_linux-64-2.44-h1423503_1.conda
  sha256: 1a620f27d79217c1295049ba214c2f80372062fd251b569e9873d4a953d27554
  md5: 0be7c6e070c19105f966d3758448d018
  depends:
  - __glibc >=2.17,<3.0.a0
  constrains:
  - binutils_impl_linux-64 2.44
  license: GPL-3.0-only
  license_family: GPL
  size: 676044
  timestamp: 1752032747103
- conda: https://conda.anaconda.org/conda-forge/linux-64/lerc-4.0.0-h0aef613_1.conda
  sha256: 412381a43d5ff9bbed82cd52a0bbca5b90623f62e41007c9c42d3870c60945ff
  md5: 9344155d33912347b37f0ae6c410a835
  depends:
  - __glibc >=2.17,<3.0.a0
  - libgcc >=13
  - libstdcxx >=13
  license: Apache-2.0
  license_family: Apache
  size: 264243
  timestamp: 1745264221534
- conda: https://conda.anaconda.org/conda-forge/linux-64/libbrotlicommon-1.1.0-hb9d3cd8_3.conda
  sha256: 462a8ed6a7bb9c5af829ec4b90aab322f8bcd9d8987f793e6986ea873bbd05cf
  md5: cb98af5db26e3f482bebb80ce9d947d3
  depends:
  - __glibc >=2.17,<3.0.a0
  - libgcc >=13
  license: MIT
  license_family: MIT
  size: 69233
  timestamp: 1749230099545
- conda: https://conda.anaconda.org/conda-forge/linux-64/libbrotlidec-1.1.0-hb9d3cd8_3.conda
  sha256: 3eb27c1a589cbfd83731be7c3f19d6d679c7a444c3ba19db6ad8bf49172f3d83
  md5: 1c6eecffad553bde44c5238770cfb7da
  depends:
  - __glibc >=2.17,<3.0.a0
  - libbrotlicommon 1.1.0 hb9d3cd8_3
  - libgcc >=13
  license: MIT
  license_family: MIT
  size: 33148
  timestamp: 1749230111397
- conda: https://conda.anaconda.org/conda-forge/linux-64/libbrotlienc-1.1.0-hb9d3cd8_3.conda
  sha256: 76e8492b0b0a0d222bfd6081cae30612aa9915e4309396fdca936528ccf314b7
  md5: 3facafe58f3858eb95527c7d3a3fc578
  depends:
  - __glibc >=2.17,<3.0.a0
  - libbrotlicommon 1.1.0 hb9d3cd8_3
  - libgcc >=13
  license: MIT
  license_family: MIT
  size: 282657
  timestamp: 1749230124839
- conda: https://conda.anaconda.org/conda-forge/linux-64/libdeflate-1.24-h86f0d12_0.conda
  sha256: 8420748ea1cc5f18ecc5068b4f24c7a023cc9b20971c99c824ba10641fb95ddf
  md5: 64f0c503da58ec25ebd359e4d990afa8
  depends:
  - __glibc >=2.17,<3.0.a0
  - libgcc >=13
  license: MIT
  license_family: MIT
  size: 72573
  timestamp: 1747040452262
- conda: https://conda.anaconda.org/conda-forge/linux-64/libexpat-2.7.1-hecca717_0.conda
  sha256: da2080da8f0288b95dd86765c801c6e166c4619b910b11f9a8446fb852438dc2
  md5: 4211416ecba1866fab0c6470986c22d6
  depends:
  - __glibc >=2.17,<3.0.a0
  - libgcc >=14
  constrains:
  - expat 2.7.1.*
  license: MIT
  license_family: MIT
  size: 74811
  timestamp: 1752719572741
- conda: https://conda.anaconda.org/conda-forge/linux-64/libffi-3.4.6-h2dba641_1.conda
  sha256: 764432d32db45466e87f10621db5b74363a9f847d2b8b1f9743746cd160f06ab
  md5: ede4673863426c0883c0063d853bbd85
  depends:
  - __glibc >=2.17,<3.0.a0
  - libgcc >=13
  license: MIT
  license_family: MIT
  size: 57433
  timestamp: 1743434498161
- conda: https://conda.anaconda.org/conda-forge/linux-64/libfreetype-2.13.3-ha770c72_1.conda
  sha256: 7be9b3dac469fe3c6146ff24398b685804dfc7a1de37607b84abd076f57cc115
  md5: 51f5be229d83ecd401fb369ab96ae669
  depends:
  - libfreetype6 >=2.13.3
  license: GPL-2.0-only OR FTL
  size: 7693
  timestamp: 1745369988361
- conda: https://conda.anaconda.org/conda-forge/linux-64/libfreetype6-2.13.3-h48d6fc4_1.conda
  sha256: 7759bd5c31efe5fbc36a7a1f8ca5244c2eabdbeb8fc1bee4b99cf989f35c7d81
  md5: 3c255be50a506c50765a93a6644f32fe
  depends:
  - __glibc >=2.17,<3.0.a0
  - libgcc >=13
  - libpng >=1.6.47,<1.7.0a0
  - libzlib >=1.3.1,<2.0a0
  constrains:
  - freetype >=2.13.3
  license: GPL-2.0-only OR FTL
  size: 380134
  timestamp: 1745369987697
- conda: https://conda.anaconda.org/conda-forge/linux-64/libgcc-15.1.0-h767d61c_3.conda
  sha256: 59a87161212abe8acc57d318b0cc8636eb834cdfdfddcf1f588b5493644b39a3
  md5: 9e60c55e725c20d23125a5f0dd69af5d
  depends:
  - __glibc >=2.17,<3.0.a0
  - _openmp_mutex >=4.5
  constrains:
  - libgcc-ng ==15.1.0=*_3
  - libgomp 15.1.0 h767d61c_3
  license: GPL-3.0-only WITH GCC-exception-3.1
  license_family: GPL
  size: 824921
  timestamp: 1750808216066
- conda: https://conda.anaconda.org/conda-forge/linux-64/libgcc-ng-15.1.0-h69a702a_3.conda
  sha256: b0b0a5ee6ce645a09578fc1cb70c180723346f8a45fdb6d23b3520591c6d6996
  md5: e66f2b8ad787e7beb0f846e4bd7e8493
  depends:
  - libgcc 15.1.0 h767d61c_3
  license: GPL-3.0-only WITH GCC-exception-3.1
  license_family: GPL
  size: 29033
  timestamp: 1750808224854
- conda: https://conda.anaconda.org/conda-forge/linux-64/libgirepository-1.84.0-h0dcfedc_1.conda
  sha256: 1c8fab8aff1ca74b25029f13b6301873c044adc3b407d57502c9397c0e27001d
  md5: de466ee172d20cf5c019397fcd673592
  depends:
  - __glibc >=2.17,<3.0.a0
  - cairo >=1.18.4,<2.0a0
  - libffi >=3.4.6,<3.5.0a0
  - libgcc >=13
  - libglib >=2.84.1,<3.0a0
  license: LGPL-2.0-or-later
  license_family: LGPL
  size: 361748
  timestamp: 1744683681614
- conda: https://conda.anaconda.org/conda-forge/linux-64/libglib-2.84.2-h3618099_0.conda
  sha256: a6b5cf4d443044bc9a0293dd12ca2015f0ebe5edfdc9c4abdde0b9947f9eb7bd
  md5: 072ab14a02164b7c0c089055368ff776
  depends:
  - __glibc >=2.17,<3.0.a0
  - libffi >=3.4.6,<3.5.0a0
  - libgcc >=13
  - libiconv >=1.18,<2.0a0
  - libzlib >=1.3.1,<2.0a0
  - pcre2 >=10.45,<10.46.0a0
  constrains:
  - glib 2.84.2 *_0
  license: LGPL-2.1-or-later
  size: 3955066
  timestamp: 1747836671118
- conda: https://conda.anaconda.org/conda-forge/linux-64/libgomp-15.1.0-h767d61c_3.conda
  sha256: 43710ab4de0cd7ff8467abff8d11e7bb0e36569df04ce1c099d48601818f11d1
  md5: 3cd1a7238a0dd3d0860fdefc496cc854
  depends:
  - __glibc >=2.17,<3.0.a0
  license: GPL-3.0-only WITH GCC-exception-3.1
  license_family: GPL
  size: 447068
  timestamp: 1750808138400
- conda: https://conda.anaconda.org/conda-forge/linux-64/libiconv-1.18-h4ce23a2_1.conda
  sha256: 18a4afe14f731bfb9cf388659994263904d20111e42f841e9eea1bb6f91f4ab4
  md5: e796ff8ddc598affdf7c173d6145f087
  depends:
  - __glibc >=2.17,<3.0.a0
  - libgcc >=13
  license: LGPL-2.1-only
  size: 713084
  timestamp: 1740128065462
- conda: https://conda.anaconda.org/conda-forge/linux-64/libjpeg-turbo-3.1.0-hb9d3cd8_0.conda
  sha256: 98b399287e27768bf79d48faba8a99a2289748c65cd342ca21033fab1860d4a4
  md5: 9fa334557db9f63da6c9285fd2a48638
  depends:
  - __glibc >=2.17,<3.0.a0
  - libgcc >=13
  constrains:
  - jpeg <0.0.0a
  license: IJG AND BSD-3-Clause AND Zlib
  size: 628947
  timestamp: 1745268527144
- conda: https://conda.anaconda.org/conda-forge/linux-64/liblzma-5.8.1-hb9d3cd8_2.conda
  sha256: f2591c0069447bbe28d4d696b7fcb0c5bd0b4ac582769b89addbcf26fb3430d8
  md5: 1a580f7796c7bf6393fddb8bbbde58dc
  depends:
  - __glibc >=2.17,<3.0.a0
  - libgcc >=13
  constrains:
  - xz 5.8.1.*
  license: 0BSD
  size: 112894
  timestamp: 1749230047870
- conda: https://conda.anaconda.org/conda-forge/linux-64/libmpdec-4.0.0-hb9d3cd8_0.conda
  sha256: 3aa92d4074d4063f2a162cd8ecb45dccac93e543e565c01a787e16a43501f7ee
  md5: c7e925f37e3b40d893459e625f6a53f1
  depends:
  - __glibc >=2.17,<3.0.a0
  - libgcc >=13
  license: BSD-2-Clause
  license_family: BSD
  size: 91183
  timestamp: 1748393666725
- conda: https://conda.anaconda.org/conda-forge/linux-64/libpng-1.6.50-h943b412_0.conda
  sha256: c7b212bdd3f9d5450c4bae565ccb9385222bf9bb92458c2a23be36ff1b981389
  md5: 51de14db340a848869e69c632b43cca7
  depends:
  - __glibc >=2.17,<3.0.a0
  - libgcc >=13
  - libzlib >=1.3.1,<2.0a0
  license: zlib-acknowledgement
  size: 289215
  timestamp: 1751559366724
- conda: https://conda.anaconda.org/conda-forge/linux-64/libsqlite-3.50.3-hee844dc_0.conda
  sha256: 10891c917031d27c546d397f22e09c449c6c10782f2c0a069f361a502d286f3c
  md5: 4fe4c3b7ce84cda6508b6d78f0ce72e3
  depends:
  - __glibc >=2.17,<3.0.a0
  - icu >=75.1,<76.0a0
  - libgcc >=14
  - libzlib >=1.3.1,<2.0a0
  license: Unlicense
  size: 935794
  timestamp: 1752825101149
- conda: https://conda.anaconda.org/conda-forge/linux-64/libstdcxx-15.1.0-h8f9b012_3.conda
  sha256: 7650837344b7850b62fdba02155da0b159cf472b9ab59eb7b472f7bd01dff241
  md5: 6d11a5edae89fe413c0569f16d308f5a
  depends:
  - __glibc >=2.17,<3.0.a0
  - libgcc 15.1.0 h767d61c_3
  license: GPL-3.0-only WITH GCC-exception-3.1
  license_family: GPL
  size: 3896407
  timestamp: 1750808251302
- conda: https://conda.anaconda.org/conda-forge/linux-64/libstdcxx-ng-15.1.0-h4852527_3.conda
  sha256: bbaea1ecf973a7836f92b8ebecc94d3c758414f4de39d2cc6818a3d10cb3216b
  md5: 57541755b5a51691955012b8e197c06c
  depends:
  - libstdcxx 15.1.0 h8f9b012_3
  license: GPL-3.0-only WITH GCC-exception-3.1
  license_family: GPL
  size: 29093
  timestamp: 1750808292700
- conda: https://conda.anaconda.org/conda-forge/linux-64/libtiff-4.7.0-hf01ce69_5.conda
  sha256: 7fa6ddac72e0d803bb08e55090a8f2e71769f1eb7adbd5711bdd7789561601b1
  md5: e79a094918988bb1807462cd42c83962
  depends:
  - __glibc >=2.17,<3.0.a0
  - lerc >=4.0.0,<5.0a0
  - libdeflate >=1.24,<1.25.0a0
  - libgcc >=13
  - libjpeg-turbo >=3.1.0,<4.0a0
  - liblzma >=5.8.1,<6.0a0
  - libstdcxx >=13
  - libwebp-base >=1.5.0,<2.0a0
  - libzlib >=1.3.1,<2.0a0
  - zstd >=1.5.7,<1.6.0a0
  license: HPND
  size: 429575
  timestamp: 1747067001268
- conda: https://conda.anaconda.org/conda-forge/linux-64/libuuid-2.38.1-h0b41bf4_0.conda
  sha256: 787eb542f055a2b3de553614b25f09eefb0a0931b0c87dbcce6efdfd92f04f18
  md5: 40b61aab5c7ba9ff276c41cfffe6b80b
  depends:
  - libgcc-ng >=12
  license: BSD-3-Clause
  license_family: BSD
  size: 33601
  timestamp: 1680112270483
- conda: https://conda.anaconda.org/conda-forge/linux-64/libwebp-base-1.6.0-hd42ef1d_0.conda
  sha256: 3aed21ab28eddffdaf7f804f49be7a7d701e8f0e46c856d801270b470820a37b
  md5: aea31d2e5b1091feca96fcfe945c3cf9
  depends:
  - __glibc >=2.17,<3.0.a0
  - libgcc >=14
  constrains:
  - libwebp 1.6.0
  license: BSD-3-Clause
  license_family: BSD
  size: 429011
  timestamp: 1752159441324
- conda: https://conda.anaconda.org/conda-forge/linux-64/libxcb-1.17.0-h8a09558_0.conda
  sha256: 666c0c431b23c6cec6e492840b176dde533d48b7e6fb8883f5071223433776aa
  md5: 92ed62436b625154323d40d5f2f11dd7
  depends:
  - __glibc >=2.17,<3.0.a0
  - libgcc >=13
  - pthread-stubs
  - xorg-libxau >=1.0.11,<2.0a0
  - xorg-libxdmcp
  license: MIT
  license_family: MIT
  size: 395888
  timestamp: 1727278577118
- conda: https://conda.anaconda.org/conda-forge/linux-64/libzlib-1.3.1-hb9d3cd8_2.conda
  sha256: d4bfe88d7cb447768e31650f06257995601f89076080e76df55e3112d4e47dc4
  md5: edb0dca6bc32e4f4789199455a1dbeb8
  depends:
  - __glibc >=2.17,<3.0.a0
  - libgcc >=13
  constrains:
  - zlib 1.3.1 *_2
  license: Zlib
  license_family: Other
  size: 60963
  timestamp: 1727963148474
- conda: https://conda.anaconda.org/conda-forge/noarch/markdown-it-py-3.0.0-pyhd8ed1ab_1.conda
  sha256: 0fbacdfb31e55964152b24d5567e9a9996e1e7902fb08eb7d91b5fd6ce60803a
  md5: fee3164ac23dfca50cfcc8b85ddefb81
  depends:
  - mdurl >=0.1,<1
  - python >=3.9
  license: MIT
  license_family: MIT
  size: 64430
  timestamp: 1733250550053
- conda: https://conda.anaconda.org/conda-forge/noarch/mdurl-0.1.2-pyhd8ed1ab_1.conda
  sha256: 78c1bbe1723449c52b7a9df1af2ee5f005209f67e40b6e1d3c7619127c43b1c7
  md5: 592132998493b3ff25fd7479396e8351
  depends:
  - python >=3.9
  license: MIT
  license_family: MIT
  size: 14465
  timestamp: 1733255681319
- conda: https://conda.anaconda.org/conda-forge/noarch/munkres-1.1.4-pyhd8ed1ab_1.conda
  sha256: d09c47c2cf456de5c09fa66d2c3c5035aa1fa228a1983a433c47b876aa16ce90
  md5: 37293a85a0f4f77bbd9cf7aaefc62609
  depends:
  - python >=3.9
  license: Apache-2.0
  license_family: Apache
  size: 15851
  timestamp: 1749895533014
- conda: https://conda.anaconda.org/conda-forge/linux-64/ncurses-6.5-h2d0b736_3.conda
  sha256: 3fde293232fa3fca98635e1167de6b7c7fda83caf24b9d6c91ec9eefb4f4d586
  md5: 47e340acb35de30501a76c7c799c41d7
  depends:
  - __glibc >=2.17,<3.0.a0
  - libgcc >=13
  license: X11 AND BSD-3-Clause
  size: 891641
  timestamp: 1738195959188
- conda: https://conda.anaconda.org/conda-forge/linux-64/openjpeg-2.5.3-h5fbd93e_0.conda
  sha256: 5bee706ea5ba453ed7fd9da7da8380dd88b865c8d30b5aaec14d2b6dd32dbc39
  md5: 9e5816bc95d285c115a3ebc2f8563564
  depends:
  - __glibc >=2.17,<3.0.a0
  - libgcc >=13
  - libpng >=1.6.44,<1.7.0a0
  - libstdcxx >=13
  - libtiff >=4.7.0,<4.8.0a0
  - libzlib >=1.3.1,<2.0a0
  license: BSD-2-Clause
  license_family: BSD
  size: 342988
  timestamp: 1733816638720
- conda: https://conda.anaconda.org/conda-forge/linux-64/openssl-3.5.1-h7b32b05_0.conda
  sha256: 942347492164190559e995930adcdf84e2fea05307ec8012c02a505f5be87462
  md5: c87df2ab1448ba69169652ab9547082d
  depends:
  - __glibc >=2.17,<3.0.a0
  - ca-certificates
  - libgcc >=13
  license: Apache-2.0
  license_family: Apache
  size: 3131002
  timestamp: 1751390382076
- conda: https://conda.anaconda.org/conda-forge/noarch/packaging-25.0-pyh29332c3_1.conda
  sha256: 289861ed0c13a15d7bbb408796af4de72c2fe67e2bcb0de98f4c3fce259d7991
  md5: 58335b26c38bf4a20f399384c33cbcf9
  depends:
  - python >=3.8
  - python
  license: Apache-2.0
  license_family: APACHE
  size: 62477
  timestamp: 1745345660407
- conda: https://conda.anaconda.org/conda-forge/linux-64/pango-1.56.4-hadf4263_0.conda
  sha256: 3613774ad27e48503a3a6a9d72017087ea70f1426f6e5541dbdb59a3b626eaaf
  md5: 79f71230c069a287efe3a8614069ddf1
  depends:
  - __glibc >=2.17,<3.0.a0
  - cairo >=1.18.4,<2.0a0
  - fontconfig >=2.15.0,<3.0a0
  - fonts-conda-ecosystem
  - fribidi >=1.0.10,<2.0a0
  - harfbuzz >=11.0.1
  - libexpat >=2.7.0,<3.0a0
  - libfreetype >=2.13.3
  - libfreetype6 >=2.13.3
  - libgcc >=13
  - libglib >=2.84.2,<3.0a0
  - libpng >=1.6.49,<1.7.0a0
  - libzlib >=1.3.1,<2.0a0
  license: LGPL-2.1-or-later
  size: 455420
  timestamp: 1751292466873
- conda: https://conda.anaconda.org/conda-forge/linux-64/pcre2-10.45-hc749103_0.conda
  sha256: 27c4014f616326240dcce17b5f3baca3953b6bc5f245ceb49c3fa1e6320571eb
  md5: b90bece58b4c2bf25969b70f3be42d25
  depends:
  - __glibc >=2.17,<3.0.a0
  - bzip2 >=1.0.8,<2.0a0
  - libgcc >=13
  - libzlib >=1.3.1,<2.0a0
  license: BSD-3-Clause
  license_family: BSD
  size: 1197308
  timestamp: 1745955064657
- conda: https://conda.anaconda.org/conda-forge/linux-64/pillow-11.3.0-py313h8db990d_0.conda
  sha256: 73067c9a1ea4857ce9fb6788d404cd7d931ba323ad26eddf083c5b12dc8d73c0
  md5: 114a74a6e184101112fdffd3a1cb5b8f
  depends:
  - __glibc >=2.17,<3.0.a0
  - lcms2 >=2.17,<3.0a0
  - libfreetype >=2.13.3
  - libfreetype6 >=2.13.3
  - libgcc >=13
  - libjpeg-turbo >=3.1.0,<4.0a0
  - libtiff >=4.7.0,<4.8.0a0
  - libwebp-base >=1.5.0,<2.0a0
  - libxcb >=1.17.0,<2.0a0
  - libzlib >=1.3.1,<2.0a0
  - openjpeg >=2.5.3,<3.0a0
  - python >=3.13,<3.14.0a0
  - python_abi 3.13.* *_cp313
  - tk >=8.6.13,<8.7.0a0
  license: HPND
  size: 42651243
  timestamp: 1751482117433
- conda: https://conda.anaconda.org/conda-forge/linux-64/pixman-0.46.2-h29eaf8c_0.conda
  sha256: 6cb261595b5f0ae7306599f2bb55ef6863534b6d4d1bc0dcfdfa5825b0e4e53d
  md5: 39b4228a867772d610c02e06f939a5b8
  depends:
  - __glibc >=2.17,<3.0.a0
  - libgcc >=13
  - libstdcxx >=13
  license: MIT
  license_family: MIT
  size: 402222
  timestamp: 1749552884791
- conda: https://conda.anaconda.org/conda-forge/linux-64/pthread-stubs-0.4-hb9d3cd8_1002.conda
  sha256: 9c88f8c64590e9567c6c80823f0328e58d3b1efb0e1c539c0315ceca764e0973
  md5: b3c17d95b5a10c6e64a21fa17573e70e
  depends:
  - __glibc >=2.17,<3.0.a0
  - libgcc >=13
  license: MIT
  license_family: MIT
  size: 8252
  timestamp: 1726802366959
- conda: https://conda.anaconda.org/conda-forge/linux-64/pycairo-1.28.0-py313h926f637_0.conda
  sha256: 5bf6439037303b13e13fe824257b005a342c4d71ad9b491e73e2cf0be46723be
  md5: 78e44472c71041082a9776d0182d83ea
  depends:
  - __glibc >=2.17,<3.0.a0
  - cairo >=1.18.4,<2.0a0
  - libexpat >=2.7.0,<3.0a0
  - libgcc >=13
  - libzlib >=1.3.1,<2.0a0
  - python >=3.13,<3.14.0a0
  - python_abi 3.13.* *_cp313
  license: LGPL-2.1-only OR MPL-1.1
  size: 118228
  timestamp: 1744682534338
- conda: https://conda.anaconda.org/conda-forge/noarch/pycparser-2.22-pyh29332c3_1.conda
  sha256: 79db7928d13fab2d892592223d7570f5061c192f27b9febd1a418427b719acc6
  md5: 12c566707c80111f9799308d9e265aef
  depends:
  - python >=3.9
  - python
  license: BSD-3-Clause
  license_family: BSD
  size: 110100
  timestamp: 1733195786147
- conda: https://conda.anaconda.org/conda-forge/noarch/pydyf-0.11.0-pyhd8ed1ab_1.conda
  sha256: 5c1d87d08fab3149a324f77069bf69b3cbb7405547d4f4d40d4b83b50ab7e497
  md5: 732a5a281f7f9370a59e3758164380b0
  depends:
  - python >=3.9
  license: BSD-3-Clause
  license_family: BSD
  size: 14026
  timestamp: 1734953429712
- conda: https://conda.anaconda.org/conda-forge/noarch/pygments-2.19.2-pyhd8ed1ab_0.conda
  sha256: 5577623b9f6685ece2697c6eb7511b4c9ac5fb607c9babc2646c811b428fd46a
  md5: 6b6ece66ebcae2d5f326c77ef2c5a066
  depends:
  - python >=3.9
  license: BSD-2-Clause
  license_family: BSD
  size: 889287
  timestamp: 1750615908735
- conda: https://conda.anaconda.org/conda-forge/linux-64/pygobject-3.50.0-py313heb4b809_1.conda
  sha256: 694ab60ca07e4a639327171adda027c3ce0bd8b6e5448fa00db55cde9e6444e9
  md5: ee144a98b05f6a34d6871b91034507d2
  depends:
  - __glibc >=2.17,<3.0.a0
  - cairo >=1.18.0,<2.0a0
  - libffi >=3.4,<4.0a0
  - libgcc >=13
  - libgirepository
  - libglib >=2.82.1,<3.0a0
  - libiconv
  - pycairo
  - python >=3.13,<3.14.0a0
  - python_abi 3.13.* *_cp313
  license: LGPL-2.1-or-later
  license_family: LGPL
  size: 351289
  timestamp: 1728635363270
- conda: https://conda.anaconda.org/conda-forge/linux-64/pyinstaller-6.14.2-py313h5165e8f_0.conda
  sha256: 5291652b7afc56259e9b59b7c063e83cacd4fd84f666ed665adae20fcca9adc7
  md5: 63d831e971d346ac86725717a0230f4f
  depends:
  - __glibc >=2.17,<3.0.a0
  - altgraph
  - libgcc >=13
  - libzlib >=1.3.1,<2.0a0
  - packaging >=22.0
  - pyinstaller-hooks-contrib >=2025.4
  - python >=3.13,<3.14.0a0
  - python_abi 3.13.* *_cp313
  - setuptools >=42.0.0
  license: GPL-2.0-or-later WITH Bootloader-exception
  license_family: GPL
  size: 1658842
  timestamp: 1751710292583
- conda: https://conda.anaconda.org/conda-forge/noarch/pyinstaller-hooks-contrib-2025.6-pyhd8ed1ab_0.conda
  sha256: aebcc43a1f2706481067cadbebb3d1501c96a144490f40952ecf06c918035ba4
  md5: bb19367182b27736ac8969dbad405a7c
  depends:
  - importlib-metadata >=4.6
  - packaging >=22.0
  - python >=3.9
  - setuptools >=42.0.0
  license: Apache-2.0 OR GPL-2.0-or-later
  size: 152811
  timestamp: 1752570717956
- conda: https://conda.anaconda.org/conda-forge/noarch/pyphen-0.17.2-pyhd8ed1ab_0.conda
  sha256: 7cbd50ff7d308007e037817d0cf31540d4b8efa56711dfceab264a482c09a669
  md5: 16801a63b53db57e6cfe7f84625e5762
  depends:
  - python >=3.9
  license: GPL-2.0-or-later AND LGPL-2.1-or-later AND MPL-1.1
  size: 1203244
  timestamp: 1737393338644
- conda: https://conda.anaconda.org/conda-forge/linux-64/python-3.13.5-hec9711d_102_cp313.conda
  build_number: 102
  sha256: c2cdcc98ea3cbf78240624e4077e164dc9d5588eefb044b4097c3df54d24d504
  md5: 89e07d92cf50743886f41638d58c4328
  depends:
  - __glibc >=2.17,<3.0.a0
  - bzip2 >=1.0.8,<2.0a0
  - ld_impl_linux-64 >=2.36.1
  - libexpat >=2.7.0,<3.0a0
  - libffi >=3.4.6,<3.5.0a0
  - libgcc >=13
  - liblzma >=5.8.1,<6.0a0
  - libmpdec >=4.0.0,<5.0a0
  - libsqlite >=3.50.1,<4.0a0
  - libuuid >=2.38.1,<3.0a0
  - libzlib >=1.3.1,<2.0a0
  - ncurses >=6.5,<7.0a0
  - openssl >=3.5.0,<4.0a0
  - python_abi 3.13.* *_cp313
  - readline >=8.2,<9.0a0
  - tk >=8.6.13,<8.7.0a0
  - tzdata
  license: Python-2.0
  size: 33273132
  timestamp: 1750064035176
  python_site_packages_path: lib/python3.13/site-packages
- conda: https://conda.anaconda.org/conda-forge/noarch/python_abi-3.13-8_cp313.conda
  build_number: 8
  sha256: 210bffe7b121e651419cb196a2a63687b087497595c9be9d20ebe97dd06060a7
  md5: 94305520c52a4aa3f6c2b1ff6008d9f8
  constrains:
  - python 3.13.* *_cp313
  license: BSD-3-Clause
  license_family: BSD
  size: 7002
  timestamp: 1752805902938
- conda: https://conda.anaconda.org/conda-forge/linux-64/readline-8.2-h8c095d6_2.conda
  sha256: 2d6d0c026902561ed77cd646b5021aef2d4db22e57a5b0178dfc669231e06d2c
  md5: 283b96675859b20a825f8fa30f311446
  depends:
  - libgcc >=13
  - ncurses >=6.5,<7.0a0
  license: GPL-3.0-only
  license_family: GPL
  size: 282480
  timestamp: 1740379431762
- conda: https://conda.anaconda.org/conda-forge/noarch/rich-13.9.4-pyhd8ed1ab_1.conda
  sha256: 06a760c5ae572e72e865d5a87e9fe3cc171e1a9c996e63daf3db52ff1a0b4457
  md5: 7aed65d4ff222bfb7335997aa40b7da5
  depends:
  - markdown-it-py >=2.2.0
  - pygments >=2.13.0,<3.0.0
  - python >=3.9
  - typing_extensions >=4.0.0,<5.0.0
  license: MIT
  license_family: MIT
  size: 185646
  timestamp: 1733342347277
- conda: https://conda.anaconda.org/conda-forge/noarch/setuptools-80.9.0-pyhff2d567_0.conda
  sha256: 972560fcf9657058e3e1f97186cc94389144b46dbdf58c807ce62e83f977e863
  md5: 4de79c071274a53dcaf2a8c749d1499e
  depends:
  - python >=3.9
  license: MIT
  license_family: MIT
  size: 748788
  timestamp: 1748804951958
- conda: https://conda.anaconda.org/conda-forge/noarch/six-1.17.0-pyhd8ed1ab_0.conda
  sha256: 41db0180680cc67c3fa76544ffd48d6a5679d96f4b71d7498a759e94edc9a2db
  md5: a451d576819089b0d672f18768be0f65
  depends:
  - python >=3.9
  license: MIT
  license_family: MIT
  size: 16385
  timestamp: 1733381032766
- conda: https://conda.anaconda.org/conda-forge/noarch/tinycss2-1.4.0-pyhd8ed1ab_0.conda
  sha256: cad582d6f978276522f84bd209a5ddac824742fe2d452af6acf900f8650a73a2
  md5: f1acf5fdefa8300de697982bcb1761c9
  depends:
  - python >=3.5
  - webencodings >=0.4
  license: BSD-3-Clause
  license_family: BSD
  size: 28285
  timestamp: 1729802975370
- conda: https://conda.anaconda.org/conda-forge/linux-64/tk-8.6.13-noxft_hd72426e_102.conda
  sha256: a84ff687119e6d8752346d1d408d5cf360dee0badd487a472aa8ddedfdc219e1
  md5: a0116df4f4ed05c303811a837d5b39d8
  depends:
  - __glibc >=2.17,<3.0.a0
  - libgcc >=13
  - libzlib >=1.3.1,<2.0a0
  license: TCL
  license_family: BSD
  size: 3285204
  timestamp: 1748387766691
- conda: https://conda.anaconda.org/conda-forge/noarch/typing_extensions-4.14.1-pyhe01879c_0.conda
  sha256: 4f52390e331ea8b9019b87effaebc4f80c6466d09f68453f52d5cdc2a3e1194f
  md5: e523f4f1e980ed7a4240d7e27e9ec81f
  depends:
  - python >=3.9
  - python
  license: PSF-2.0
  license_family: PSF
  size: 51065
  timestamp: 1751643513473
- conda: https://conda.anaconda.org/conda-forge/noarch/tzdata-2025b-h78e105d_0.conda
  sha256: 5aaa366385d716557e365f0a4e9c3fca43ba196872abbbe3d56bb610d131e192
  md5: 4222072737ccff51314b5ece9c7d6f5a
  license: LicenseRef-Public-Domain
  size: 122968
  timestamp: 1742727099393
- conda: https://conda.anaconda.org/conda-forge/noarch/weasyprint-62.3-pyhd8ed1ab_1.conda
  sha256: a429fa4d24c1b196563d0a93f43cc95de7f003149d406a69f52ccc6933501764
  md5: 56abf0b53b52753ec18c301a32e66e58
  depends:
  - cffi >=0.6
  - cssselect2 >=0.1
  - fonttools >=4.0.0
  - glib
  - html5lib >=1.1
  - pango >=1.44.0
  - pillow >=9.1.0
  - pydyf >=0.10.0
  - pyphen >=0.9.1
  - python >=3.9
  - tinycss2 >=1.3.0
  license: BSD-3-Clause
  license_family: BSD
  size: 225887
  timestamp: 1736155249919
- conda: https://conda.anaconda.org/conda-forge/noarch/webencodings-0.5.1-pyhd8ed1ab_3.conda
  sha256: 19ff205e138bb056a46f9e3839935a2e60bd1cf01c8241a5e172a422fed4f9c6
  md5: 2841eb5bfc75ce15e9a0054b98dcd64d
  depends:
  - python >=3.9
  license: BSD-3-Clause
  license_family: BSD
  size: 15496
  timestamp: 1733236131358
- conda: https://conda.anaconda.org/conda-forge/linux-64/xorg-libice-1.1.2-hb9d3cd8_0.conda
  sha256: c12396aabb21244c212e488bbdc4abcdef0b7404b15761d9329f5a4a39113c4b
  md5: fb901ff28063514abb6046c9ec2c4a45
  depends:
  - __glibc >=2.17,<3.0.a0
  - libgcc >=13
  license: MIT
  license_family: MIT
  size: 58628
  timestamp: 1734227592886
- conda: https://conda.anaconda.org/conda-forge/linux-64/xorg-libsm-1.2.6-he73a12e_0.conda
  sha256: 277841c43a39f738927145930ff963c5ce4c4dacf66637a3d95d802a64173250
  md5: 1c74ff8c35dcadf952a16f752ca5aa49
  depends:
  - __glibc >=2.17,<3.0.a0
  - libgcc >=13
  - libuuid >=2.38.1,<3.0a0
  - xorg-libice >=1.1.2,<2.0a0
  license: MIT
  license_family: MIT
  size: 27590
  timestamp: 1741896361728
- conda: https://conda.anaconda.org/conda-forge/linux-64/xorg-libx11-1.8.12-h4f16b4b_0.conda
  sha256: 51909270b1a6c5474ed3978628b341b4d4472cd22610e5f22b506855a5e20f67
  md5: db038ce880f100acc74dba10302b5630
  depends:
  - __glibc >=2.17,<3.0.a0
  - libgcc >=13
  - libxcb >=1.17.0,<2.0a0
  license: MIT
  license_family: MIT
  size: 835896
  timestamp: 1741901112627
- conda: https://conda.anaconda.org/conda-forge/linux-64/xorg-libxau-1.0.12-hb9d3cd8_0.conda
  sha256: ed10c9283974d311855ae08a16dfd7e56241fac632aec3b92e3cfe73cff31038
  md5: f6ebe2cb3f82ba6c057dde5d9debe4f7
  depends:
  - __glibc >=2.17,<3.0.a0
  - libgcc >=13
  license: MIT
  license_family: MIT
  size: 14780
  timestamp: 1734229004433
- conda: https://conda.anaconda.org/conda-forge/linux-64/xorg-libxdmcp-1.1.5-hb9d3cd8_0.conda
  sha256: 6b250f3e59db07c2514057944a3ea2044d6a8cdde8a47b6497c254520fade1ee
  md5: 8035c64cb77ed555e3f150b7b3972480
  depends:
  - __glibc >=2.17,<3.0.a0
  - libgcc >=13
  license: MIT
  license_family: MIT
  size: 19901
  timestamp: 1727794976192
- conda: https://conda.anaconda.org/conda-forge/linux-64/xorg-libxext-1.3.6-hb9d3cd8_0.conda
  sha256: da5dc921c017c05f38a38bd75245017463104457b63a1ce633ed41f214159c14
  md5: febbab7d15033c913d53c7a2c102309d
  depends:
  - __glibc >=2.17,<3.0.a0
  - libgcc >=13
  - xorg-libx11 >=1.8.10,<2.0a0
  license: MIT
  license_family: MIT
  size: 50060
  timestamp: 1727752228921
- conda: https://conda.anaconda.org/conda-forge/linux-64/xorg-libxrender-0.9.12-hb9d3cd8_0.conda
  sha256: 044c7b3153c224c6cedd4484dd91b389d2d7fd9c776ad0f4a34f099b3389f4a1
  md5: 96d57aba173e878a2089d5638016dc5e
  depends:
  - __glibc >=2.17,<3.0.a0
  - libgcc >=13
  - xorg-libx11 >=1.8.10,<2.0a0
  license: MIT
  license_family: MIT
  size: 33005
  timestamp: 1734229037766
- conda: https://conda.anaconda.org/conda-forge/noarch/zipp-3.23.0-pyhd8ed1ab_0.conda
  sha256: 7560d21e1b021fd40b65bfb72f67945a3fcb83d78ad7ccf37b8b3165ec3b68ad
  md5: df5e78d904988eb55042c0c97446079f
  depends:
  - python >=3.9
  license: MIT
  license_family: MIT
  size: 22963
  timestamp: 1749421737203
- conda: https://conda.anaconda.org/conda-forge/linux-64/zstd-1.5.7-hb8e6e7a_2.conda
  sha256: a4166e3d8ff4e35932510aaff7aa90772f84b4d07e9f6f83c614cba7ceefe0eb
  md5: 6432cb5d4ac0046c3ac0a8a0f95842f9
  depends:
  - __glibc >=2.17,<3.0.a0
  - libgcc >=13
  - libstdcxx >=13
  - libzlib >=1.3.1,<2.0a0
  license: BSD-3-Clause
  license_family: BSD
  size: 567578
  timestamp: 1742433379869
